
Microsoft Visual Studio Solution File, Format Version 12.00
# Visual Studio Version 16
VisualStudioVersion = 16.0.30907.101
MinimumVisualStudioVersion = 10.0.40219.1
Project("{FAE04EC0-301F-11D3-BF4B-00C04F79EFBC}") = "COMP3304Session1", "COMP3304Session1\COMP3304Session1.csproj", "{CB6677C9-0FA5-4068-AAEE-2D1AD582C8DE}"
EndProject
Global
	GlobalSection(SolutionConfigurationPlatforms) = preSolution
		Debug|Any CPU = Debug|Any CPU
		Release|Any CPU = Release|Any CPU
	EndGlobalSection
	GlobalSection(ProjectConfigurationPlatforms) = postSolution
		{CB6677C9-0FA5-4068-AAEE-2D1AD582C8DE}.Debug|Any CPU.ActiveCfg = Debug|Any CPU
		{CB6677C9-0FA5-4068-AAEE-2D1AD582C8DE}.Debug|Any CPU.Build.0 = Debug|Any CPU
		{CB6677C9-0FA5-4068-AAEE-2D1AD582C8DE}.Release|Any CPU.ActiveCfg = Release|Any CPU
		{CB6677C9-0FA5-4068-AAEE-2D1AD582C8DE}.Release|Any CPU.Build.0 = Release|Any CPU
	EndGlobalSection
	GlobalSection(SolutionProperties) = preSolution
		HideSolutionNode = FALSE
	EndGlobalSection
	GlobalSection(ExtensibilityGlobals) = postSolution
		SolutionGuid = {AB7D84AA-D476-46CD-93A7-89FFB923906B}
	EndGlobalSection
EndGlobal
